# This file was autogenerated by Stack.
# You should not edit this file by hand.
# For more information, please see the documentation at:
#   https://docs.haskellstack.org/en/stable/lock_files

packages:
- completed:
    hackage: network-transport-inmemory-0.5.1@sha256:6f0f2923ea665d77f07d0d426469a8e66b2420e3fa162db12ce5d0972fc985d5,2481
    pantry-tree:
      size: 425
      sha256: a8cbfc68de957d96b4715dc53f3858c67f0b61a90bf6ea43a305976bd89ca8cc
  original:
    hackage: network-transport-inmemory-0.5.1
- completed:
    hackage: rematch-0.2.0.0@sha256:86019f4d6a4347e1291a0a9f85ba6324e1447e2b93d75958e59c24212e9d8178,1245
    pantry-tree:
      size: 386
      sha256: a03afe4ac95716bda72e3cd1ce762b5e7edc6d0d0d1ada8c48c5c656cf667a62
  original:
    hackage: rematch-0.2.0.0
- completed:
    hackage: distributed-static-0.3.9@sha256:0eb308ee416db4541cb5b4d2dff387e7c9394e6deaf76b7e829ce46add4448bc,2237
    pantry-tree:
      size: 286
      sha256: 4f42a4fe0ce97fb4a1ae2c947b6077ee718a5f11545a72387c13a0edc405d28e
  original:
    hackage: distributed-static-0.3.9
- completed:
    name: distributed-process
    version: 0.7.4
    git: https://github.com/haskell-distributed/distributed-process.git
    pantry-tree:
      size: 5912
      sha256: 6311ad5ea6348d60b8e0ab4f21c17207b3bf7d3a2aaeefb29563a4f061d9a686
    commit: cacb9d9ad84a5bdc6c6e6d4e8c7ff1835c89dce9
  original:
    git: https://github.com/haskell-distributed/distributed-process.git
    commit: cacb9d9ad84a5bdc6c6e6d4e8c7ff1835c89dce9
snapshots:
- completed:
    size: 586286
    url: https://raw.githubusercontent.com/commercialhaskell/stackage-snapshots/master/lts/18/16.yaml
    sha256: cdead65fca0323144b346c94286186f4969bf85594d649c49c7557295675d8a5
  original: lts-18.16
